
Microsoft Visual Studio Solution File, Format Version 12.00
# Visual Studio Version 17
VisualStudioVersion = 17.4.33213.308
MinimumVisualStudioVersion = 10.0.40219.1
Project("{2150E333-8FDC-42A3-9474-1A3956D46DE8}") = "Domain", "Domain", "{ADB8E876-F96F-41F3-A800-864502D1919B}"
EndProject
Project("{FAE04EC0-301F-11D3-BF4B-00C04F79EFBC}") = "Domain.Common", "src\Domain\Domain.Common\Domain.Common.csproj", "{B6DD97BA-AF07-469D-B583-E461152B27A6}"
EndProject
Project("{FAE04EC0-301F-11D3-BF4B-00C04F79EFBC}") = "Domain.Core", "src\Domain\Domain.Core\Domain.Core.csproj", "{4637A01B-FF93-472F-8DB3-8090F8F29235}"
EndProject
Project("{2150E333-8FDC-42A3-9474-1A3956D46DE8}") = "Infrastructure", "src\Infrastructure", "{F3A3D2EC-EBFA-4E9F-BE05-31DA0FBCC711}"
EndProject
Project("{FAE04EC0-301F-11D3-BF4B-00C04F79EFBC}") = "Infrastructure.DataAccess", "src\Infrastructure\Infrastructure.DataAccess\Infrastructure.DataAccess.csproj", "{BA07C109-F508-420E-B558-75E2D4D8AC11}"
EndProject
Project("{FAE04EC0-301F-11D3-BF4B-00C04F79EFBC}") = "Infrastructure.Mapping", "src\Infrastructure\Infrastructure.Mapping\Infrastructure.Mapping.csproj", "{22A0EDFC-F952-4C16-9C82-BC6CD3CE4769}"
EndProject
Project("{2150E333-8FDC-42A3-9474-1A3956D46DE8}") = "Application", "src\Application", "{59AD4ED7-C4E9-4E9D-A7BF-A8906485C828}"
EndProject
Project("{FAE04EC0-301F-11D3-BF4B-00C04F79EFBC}") = "Application.Dto", "src\Application\Application.Dto\Application.Dto.csproj", "{095BB486-EBF3-41AA-B454-FFBB3D9B1B02}"
EndProject
Project("{FAE04EC0-301F-11D3-BF4B-00C04F79EFBC}") = "Application.DataAccess.Contracts", "src\Application\Application.DataAccess.Contracts\Application.DataAccess.Contracts.csproj", "{9B32C210-E73C-498F-85F0-103D02805BF0}"
EndProject
Project("{2150E333-8FDC-42A3-9474-1A3956D46DE8}") = "Playground", "src\Playground", "{0D64F46B-56A4-4A31-A9FC-E3B4F44E9646}"
EndProject
Project("{FAE04EC0-301F-11D3-BF4B-00C04F79EFBC}") = "Playground", "src\Playground\Playground\Playground.csproj", "{B14DF392-154B-4715-AC55-7DA08634DF6A}"
EndProject
Project("{FAE04EC0-301F-11D3-BF4B-00C04F79EFBC}") = "Application.Common", "src\Application\Application.Common\Application.Common.csproj", "{F304D9DA-3FED-4910-A6A3-8977E450DF87}"
EndProject
Project("{2150E333-8FDC-42A3-9474-1A3956D46DE8}") = "tests", "tests", "{164FCEE3-67CC-41C9-97DB-3E381CB39326}"
EndProject
Project("{2150E333-8FDC-42A3-9474-1A3956D46DE8}") = "ApplicationMicroservice", "ApplicationMicroservice", "{26C6F8BD-899A-4A67-BC7C-4E8E60C52E13}"
EndProject
Project("{2150E333-8FDC-42A3-9474-1A3956D46DE8}") = "Presentation", "Presentation", "{F6512897-A15D-4CB7-BBD3-FEA5281A02A8}"
EndProject
Project("{FAE04EC0-301F-11D3-BF4B-00C04F79EFBC}") = "Presentation.Endpoints", "src\Presentation\Presentation.Endpoints\Presentation.Endpoints.csproj", "{39C89DCD-E231-4E15-A7F7-6D598470D5CB}"
EndProject
Project("{FAE04EC0-301F-11D3-BF4B-00C04F79EFBC}") = "Application.Contracts", "src\Application\Application.Contracts\Application.Contracts.csproj", "{DC342479-0B83-4014-A582-FB5F7A5DB99F}"
EndProject
Project("{FAE04EC0-301F-11D3-BF4B-00C04F79EFBC}") = "Application.Handlers", "src\Application\Application.Handlers\Application.Handlers.csproj", "{F3885098-7673-44FB-9345-8C0BC722A02F}"
EndProject
Project("{FAE04EC0-301F-11D3-BF4B-00C04F79EFBC}") = "Application.Validation", "src\Application\Application.Validation\Application.Validation.csproj", "{A391332D-FACB-49E8-80E3-6CD3EB9DB378}"
EndProject
Project("{FAE04EC0-301F-11D3-BF4B-00C04F79EFBC}") = "Playground.DeveloperEnvironment", "src\Playground\Playground.DeveloperEnvironment\Playground.DeveloperEnvironment.csproj", "{AFE3C439-A3A7-41AD-A3C8-DA9429BBDCE8}"
EndProject
Project("{FAE04EC0-301F-11D3-BF4B-00C04F79EFBC}") = "Test.Tools", "tests\ApplicationMicroservice\Test.Tools\Test.Tools.csproj", "{F7C028E9-10BA-4513-ABE0-4293C74A4691}"
EndProject
Project("{FAE04EC0-301F-11D3-BF4B-00C04F79EFBC}") = "Test.Core", "tests\ApplicationMicroservice\Test.Core\Test.Core.csproj", "{0617741E-4F40-4DE1-9792-6E5C1C59E89C}"
EndProject
Project("{FAE04EC0-301F-11D3-BF4B-00C04F79EFBC}") = "Test.Endpoints", "tests\ApplicationMicroservice\Test.Endpoints\Test.Endpoints.csproj", "{CC863DF8-A314-4F52-9111-BA890E7CFFB4}"
EndProject
Project("{2150E333-8FDC-42A3-9474-1A3956D46DE8}") = "k6", "k6", "{7D27CFE8-D6FE-4757-9E0F-54934D7B1403}"
	ProjectSection(SolutionItems) = preProject
		tests\ApplicationMicroservice\load-test.js = tests\ApplicationMicroservice\load-test.js
	EndProjectSection
EndProject
Project("{FAE04EC0-301F-11D3-BF4B-00C04F79EFBC}") = "Infrastructure.Seeding", "src\Infrastructure\Infrastructure.Seeding\Infrastructure.Seeding.csproj", "{6246EA26-7998-41E7-89B7-F02E05AD1B66}"
EndProject
Project("{FAE04EC0-301F-11D3-BF4B-00C04F79EFBC}") = "Application.Middlewares", "src\Application\Application.Middlewares\Application.Middlewares.csproj", "{21B3D344-DDA3-4E19-96C2-8B337B216A77}"
EndProject
Global
	GlobalSection(SolutionConfigurationPlatforms) = preSolution
		Debug|Any CPU = Debug|Any CPU
		Release|Any CPU = Release|Any CPU
	EndGlobalSection
	GlobalSection(ProjectConfigurationPlatforms) = postSolution
		{B6DD97BA-AF07-469D-B583-E461152B27A6}.Debug|Any CPU.ActiveCfg = Debug|Any CPU
		{B6DD97BA-AF07-469D-B583-E461152B27A6}.Debug|Any CPU.Build.0 = Debug|Any CPU
		{B6DD97BA-AF07-469D-B583-E461152B27A6}.Release|Any CPU.ActiveCfg = Release|Any CPU
		{B6DD97BA-AF07-469D-B583-E461152B27A6}.Release|Any CPU.Build.0 = Release|Any CPU
		{4637A01B-FF93-472F-8DB3-8090F8F29235}.Debug|Any CPU.ActiveCfg = Debug|Any CPU
		{4637A01B-FF93-472F-8DB3-8090F8F29235}.Debug|Any CPU.Build.0 = Debug|Any CPU
		{4637A01B-FF93-472F-8DB3-8090F8F29235}.Release|Any CPU.ActiveCfg = Release|Any CPU
		{4637A01B-FF93-472F-8DB3-8090F8F29235}.Release|Any CPU.Build.0 = Release|Any CPU
		{BA07C109-F508-420E-B558-75E2D4D8AC11}.Debug|Any CPU.ActiveCfg = Debug|Any CPU
		{BA07C109-F508-420E-B558-75E2D4D8AC11}.Debug|Any CPU.Build.0 = Debug|Any CPU
		{BA07C109-F508-420E-B558-75E2D4D8AC11}.Release|Any CPU.ActiveCfg = Release|Any CPU
		{BA07C109-F508-420E-B558-75E2D4D8AC11}.Release|Any CPU.Build.0 = Release|Any CPU
		{22A0EDFC-F952-4C16-9C82-BC6CD3CE4769}.Debug|Any CPU.ActiveCfg = Debug|Any CPU
		{22A0EDFC-F952-4C16-9C82-BC6CD3CE4769}.Debug|Any CPU.Build.0 = Debug|Any CPU
		{22A0EDFC-F952-4C16-9C82-BC6CD3CE4769}.Release|Any CPU.ActiveCfg = Release|Any CPU
		{22A0EDFC-F952-4C16-9C82-BC6CD3CE4769}.Release|Any CPU.Build.0 = Release|Any CPU
		{095BB486-EBF3-41AA-B454-FFBB3D9B1B02}.Debug|Any CPU.ActiveCfg = Debug|Any CPU
		{095BB486-EBF3-41AA-B454-FFBB3D9B1B02}.Debug|Any CPU.Build.0 = Debug|Any CPU
		{095BB486-EBF3-41AA-B454-FFBB3D9B1B02}.Release|Any CPU.ActiveCfg = Release|Any CPU
		{095BB486-EBF3-41AA-B454-FFBB3D9B1B02}.Release|Any CPU.Build.0 = Release|Any CPU
		{9B32C210-E73C-498F-85F0-103D02805BF0}.Debug|Any CPU.ActiveCfg = Debug|Any CPU
		{9B32C210-E73C-498F-85F0-103D02805BF0}.Debug|Any CPU.Build.0 = Debug|Any CPU
		{9B32C210-E73C-498F-85F0-103D02805BF0}.Release|Any CPU.ActiveCfg = Release|Any CPU
		{9B32C210-E73C-498F-85F0-103D02805BF0}.Release|Any CPU.Build.0 = Release|Any CPU
		{B14DF392-154B-4715-AC55-7DA08634DF6A}.Debug|Any CPU.ActiveCfg = Debug|Any CPU
		{B14DF392-154B-4715-AC55-7DA08634DF6A}.Debug|Any CPU.Build.0 = Debug|Any CPU
		{B14DF392-154B-4715-AC55-7DA08634DF6A}.Release|Any CPU.ActiveCfg = Release|Any CPU
		{B14DF392-154B-4715-AC55-7DA08634DF6A}.Release|Any CPU.Build.0 = Release|Any CPU
		{F304D9DA-3FED-4910-A6A3-8977E450DF87}.Debug|Any CPU.ActiveCfg = Debug|Any CPU
		{F304D9DA-3FED-4910-A6A3-8977E450DF87}.Debug|Any CPU.Build.0 = Debug|Any CPU
		{F304D9DA-3FED-4910-A6A3-8977E450DF87}.Release|Any CPU.ActiveCfg = Release|Any CPU
		{F304D9DA-3FED-4910-A6A3-8977E450DF87}.Release|Any CPU.Build.0 = Release|Any CPU
		{39C89DCD-E231-4E15-A7F7-6D598470D5CB}.Debug|Any CPU.ActiveCfg = Debug|Any CPU
		{39C89DCD-E231-4E15-A7F7-6D598470D5CB}.Debug|Any CPU.Build.0 = Debug|Any CPU
		{39C89DCD-E231-4E15-A7F7-6D598470D5CB}.Release|Any CPU.ActiveCfg = Release|Any CPU
		{39C89DCD-E231-4E15-A7F7-6D598470D5CB}.Release|Any CPU.Build.0 = Release|Any CPU
		{DC342479-0B83-4014-A582-FB5F7A5DB99F}.Debug|Any CPU.ActiveCfg = Debug|Any CPU
		{DC342479-0B83-4014-A582-FB5F7A5DB99F}.Debug|Any CPU.Build.0 = Debug|Any CPU
		{DC342479-0B83-4014-A582-FB5F7A5DB99F}.Release|Any CPU.ActiveCfg = Release|Any CPU
		{DC342479-0B83-4014-A582-FB5F7A5DB99F}.Release|Any CPU.Build.0 = Release|Any CPU
		{F3885098-7673-44FB-9345-8C0BC722A02F}.Debug|Any CPU.ActiveCfg = Debug|Any CPU
		{F3885098-7673-44FB-9345-8C0BC722A02F}.Debug|Any CPU.Build.0 = Debug|Any CPU
		{F3885098-7673-44FB-9345-8C0BC722A02F}.Release|Any CPU.ActiveCfg = Release|Any CPU
		{F3885098-7673-44FB-9345-8C0BC722A02F}.Release|Any CPU.Build.0 = Release|Any CPU
		{A391332D-FACB-49E8-80E3-6CD3EB9DB378}.Debug|Any CPU.ActiveCfg = Debug|Any CPU
		{A391332D-FACB-49E8-80E3-6CD3EB9DB378}.Debug|Any CPU.Build.0 = Debug|Any CPU
		{A391332D-FACB-49E8-80E3-6CD3EB9DB378}.Release|Any CPU.ActiveCfg = Release|Any CPU
		{A391332D-FACB-49E8-80E3-6CD3EB9DB378}.Release|Any CPU.Build.0 = Release|Any CPU
		{AFE3C439-A3A7-41AD-A3C8-DA9429BBDCE8}.Debug|Any CPU.ActiveCfg = Debug|Any CPU
		{AFE3C439-A3A7-41AD-A3C8-DA9429BBDCE8}.Debug|Any CPU.Build.0 = Debug|Any CPU
		{AFE3C439-A3A7-41AD-A3C8-DA9429BBDCE8}.Release|Any CPU.ActiveCfg = Release|Any CPU
		{AFE3C439-A3A7-41AD-A3C8-DA9429BBDCE8}.Release|Any CPU.Build.0 = Release|Any CPU
		{F7C028E9-10BA-4513-ABE0-4293C74A4691}.Debug|Any CPU.ActiveCfg = Debug|Any CPU
		{F7C028E9-10BA-4513-ABE0-4293C74A4691}.Debug|Any CPU.Build.0 = Debug|Any CPU
		{F7C028E9-10BA-4513-ABE0-4293C74A4691}.Release|Any CPU.ActiveCfg = Release|Any CPU
		{F7C028E9-10BA-4513-ABE0-4293C74A4691}.Release|Any CPU.Build.0 = Release|Any CPU
		{0617741E-4F40-4DE1-9792-6E5C1C59E89C}.Debug|Any CPU.ActiveCfg = Debug|Any CPU
		{0617741E-4F40-4DE1-9792-6E5C1C59E89C}.Debug|Any CPU.Build.0 = Debug|Any CPU
		{0617741E-4F40-4DE1-9792-6E5C1C59E89C}.Release|Any CPU.ActiveCfg = Release|Any CPU
		{0617741E-4F40-4DE1-9792-6E5C1C59E89C}.Release|Any CPU.Build.0 = Release|Any CPU
		{CC863DF8-A314-4F52-9111-BA890E7CFFB4}.Debug|Any CPU.ActiveCfg = Debug|Any CPU
		{CC863DF8-A314-4F52-9111-BA890E7CFFB4}.Debug|Any CPU.Build.0 = Debug|Any CPU
		{CC863DF8-A314-4F52-9111-BA890E7CFFB4}.Release|Any CPU.ActiveCfg = Release|Any CPU
		{CC863DF8-A314-4F52-9111-BA890E7CFFB4}.Release|Any CPU.Build.0 = Release|Any CPU
		{6246EA26-7998-41E7-89B7-F02E05AD1B66}.Debug|Any CPU.ActiveCfg = Debug|Any CPU
		{6246EA26-7998-41E7-89B7-F02E05AD1B66}.Debug|Any CPU.Build.0 = Debug|Any CPU
		{6246EA26-7998-41E7-89B7-F02E05AD1B66}.Release|Any CPU.ActiveCfg = Release|Any CPU
		{6246EA26-7998-41E7-89B7-F02E05AD1B66}.Release|Any CPU.Build.0 = Release|Any CPU
		{21B3D344-DDA3-4E19-96C2-8B337B216A77}.Debug|Any CPU.ActiveCfg = Debug|Any CPU
		{21B3D344-DDA3-4E19-96C2-8B337B216A77}.Debug|Any CPU.Build.0 = Debug|Any CPU
		{21B3D344-DDA3-4E19-96C2-8B337B216A77}.Release|Any CPU.ActiveCfg = Release|Any CPU
		{21B3D344-DDA3-4E19-96C2-8B337B216A77}.Release|Any CPU.Build.0 = Release|Any CPU
	EndGlobalSection
	GlobalSection(SolutionProperties) = preSolution
		HideSolutionNode = FALSE
	EndGlobalSection
	GlobalSection(ExtensibilityGlobals) = postSolution
		SolutionGuid = {E95EF412-EA45-4B44-959F-49DEE37038FC}
	EndGlobalSection
	GlobalSection(NestedProjects) = preSolution
		{B6DD97BA-AF07-469D-B583-E461152B27A6} = {ADB8E876-F96F-41F3-A800-864502D1919B}
		{4637A01B-FF93-472F-8DB3-8090F8F29235} = {ADB8E876-F96F-41F3-A800-864502D1919B}
		{BA07C109-F508-420E-B558-75E2D4D8AC11} = {F3A3D2EC-EBFA-4E9F-BE05-31DA0FBCC711}
		{22A0EDFC-F952-4C16-9C82-BC6CD3CE4769} = {F3A3D2EC-EBFA-4E9F-BE05-31DA0FBCC711}
		{095BB486-EBF3-41AA-B454-FFBB3D9B1B02} = {59AD4ED7-C4E9-4E9D-A7BF-A8906485C828}
		{9B32C210-E73C-498F-85F0-103D02805BF0} = {59AD4ED7-C4E9-4E9D-A7BF-A8906485C828}
		{B14DF392-154B-4715-AC55-7DA08634DF6A} = {0D64F46B-56A4-4A31-A9FC-E3B4F44E9646}
		{F304D9DA-3FED-4910-A6A3-8977E450DF87} = {59AD4ED7-C4E9-4E9D-A7BF-A8906485C828}
		{26C6F8BD-899A-4A67-BC7C-4E8E60C52E13} = {164FCEE3-67CC-41C9-97DB-3E381CB39326}
		{39C89DCD-E231-4E15-A7F7-6D598470D5CB} = {F6512897-A15D-4CB7-BBD3-FEA5281A02A8}
		{DC342479-0B83-4014-A582-FB5F7A5DB99F} = {59AD4ED7-C4E9-4E9D-A7BF-A8906485C828}
		{F3885098-7673-44FB-9345-8C0BC722A02F} = {59AD4ED7-C4E9-4E9D-A7BF-A8906485C828}
		{A391332D-FACB-49E8-80E3-6CD3EB9DB378} = {59AD4ED7-C4E9-4E9D-A7BF-A8906485C828}
		{AFE3C439-A3A7-41AD-A3C8-DA9429BBDCE8} = {0D64F46B-56A4-4A31-A9FC-E3B4F44E9646}
		{F7C028E9-10BA-4513-ABE0-4293C74A4691} = {26C6F8BD-899A-4A67-BC7C-4E8E60C52E13}
		{0617741E-4F40-4DE1-9792-6E5C1C59E89C} = {26C6F8BD-899A-4A67-BC7C-4E8E60C52E13}
		{CC863DF8-A314-4F52-9111-BA890E7CFFB4} = {26C6F8BD-899A-4A67-BC7C-4E8E60C52E13}
		{7D27CFE8-D6FE-4757-9E0F-54934D7B1403} = {26C6F8BD-899A-4A67-BC7C-4E8E60C52E13}
		{6246EA26-7998-41E7-89B7-F02E05AD1B66} = {F3A3D2EC-EBFA-4E9F-BE05-31DA0FBCC711}
		{21B3D344-DDA3-4E19-96C2-8B337B216A77} = {59AD4ED7-C4E9-4E9D-A7BF-A8906485C828}
	EndGlobalSection
EndGlobal
